
Microsoft Visual Studio Solution File, Format Version 12.00
# Visual Studio Version 17
VisualStudioVersion = 17.8.34525.116
MinimumVisualStudioVersion = 10.0.40219.1
Project("{FAE04EC0-301F-11D3-BF4B-00C04F79EFBC}") = "Everest.API", "Everest.API\Everest.API.csproj", "{637128B2-B44C-46AB-BA2F-BC1F4ABF3104}"
EndProject
Project("{FAE04EC0-301F-11D3-BF4B-00C04F79EFBC}") = "Everest.Domain", "Everest.Domain\Everest.Domain.csproj", "{B670D8BD-B047-4642-87DA-95BE0D8B3152}"
EndProject
Global
	GlobalSection(SolutionConfigurationPlatforms) = preSolution
		Debug|Any CPU = Debug|Any CPU
		Release|Any CPU = Release|Any CPU
	EndGlobalSection
	GlobalSection(ProjectConfigurationPlatforms) = postSolution
		{637128B2-B44C-46AB-BA2F-BC1F4ABF3104}.Debug|Any CPU.ActiveCfg = Debug|Any CPU
		{637128B2-B44C-46AB-BA2F-BC1F4ABF3104}.Debug|Any CPU.Build.0 = Debug|Any CPU
		{637128B2-B44C-46AB-BA2F-BC1F4ABF3104}.Release|Any CPU.ActiveCfg = Release|Any CPU
		{637128B2-B44C-46AB-BA2F-BC1F4ABF3104}.Release|Any CPU.Build.0 = Release|Any CPU
		{B670D8BD-B047-4642-87DA-95BE0D8B3152}.Debug|Any CPU.ActiveCfg = Debug|Any CPU
		{B670D8BD-B047-4642-87DA-95BE0D8B3152}.Debug|Any CPU.Build.0 = Debug|Any CPU
		{B670D8BD-B047-4642-87DA-95BE0D8B3152}.Release|Any CPU.ActiveCfg = Release|Any CPU
		{B670D8BD-B047-4642-87DA-95BE0D8B3152}.Release|Any CPU.Build.0 = Release|Any CPU
	EndGlobalSection
	GlobalSection(SolutionProperties) = preSolution
		HideSolutionNode = FALSE
	EndGlobalSection
	GlobalSection(ExtensibilityGlobals) = postSolution
		SolutionGuid = {9FF2A6C5-A62E-4954-AF3A-A9A9C1CCCB25}
	EndGlobalSection
EndGlobal
